
Microsoft Visual Studio Solution File, Format Version 12.00
Project("{FAE04EC0-301F-11D3-BF4B-00C04F79EFBC}") = "SOSU2022_BackEnd.WebApi", "SOSU2022_BackEnd.WebApi\SOSU2022_BackEnd.WebApi.csproj", "{DD972DF2-679B-4606-BF01-29584D8D0EEB}"
EndProject
Project("{2150E333-8FDC-42A3-9474-1A3956D46DE8}") = "Core", "Core", "{2C059C75-CED9-4FBB-816D-6237B7F78318}"
EndProject
Project("{2150E333-8FDC-42A3-9474-1A3956D46DE8}") = "Infrastructure", "Infrastructure", "{3C8CF602-9602-459C-9430-2DA6B63F8D5F}"
EndProject
Project("{2150E333-8FDC-42A3-9474-1A3956D46DE8}") = "Presentation", "Presentation", "{F72DD402-3652-4F7B-80C7-E8B9FC11E839}"
EndProject
Project("{FAE04EC0-301F-11D3-BF4B-00C04F79EFBC}") = "SOSU2022_BackEnd.Core", "SOSU2022_BackEnd.Core\SOSU2022_BackEnd.Core.csproj", "{A2E48CE0-D5A3-43FB-948E-55DDE038DC96}"
EndProject
Project("{FAE04EC0-301F-11D3-BF4B-00C04F79EFBC}") = "SOSU2022_BacEnd.Domain", "SOSU2022_BacEnd.Domain\SOSU2022_BacEnd.Domain.csproj", "{87BD5EEC-5E38-453C-98AE-06CEC70DA467}"
EndProject
Project("{FAE04EC0-301F-11D3-BF4B-00C04F79EFBC}") = "SOSU2022_BackEnd.DataAccess", "SOSU2022_BackEnd.DataAccess\SOSU2022_BackEnd.DataAccess.csproj", "{60A9297B-C335-4536-8AE0-819C997CE085}"
EndProject
Project("{2150E333-8FDC-42A3-9474-1A3956D46DE8}") = "Core.Test", "Core.Test", "{49E24B62-2AF4-41F7-B8D1-BC88E9B224D3}"
EndProject
Project("{FAE04EC0-301F-11D3-BF4B-00C04F79EFBC}") = "SOSU2022_Backend.Domain.Test", "Core.Test\SOSU2022_Backend.Domain.Test\SOSU2022_Backend.Domain.Test.csproj", "{6F021BFF-F074-41DD-9AB3-F49E20714B23}"
EndProject
Global
	GlobalSection(SolutionConfigurationPlatforms) = preSolution
		Debug|Any CPU = Debug|Any CPU
		Release|Any CPU = Release|Any CPU
	EndGlobalSection
	GlobalSection(ProjectConfigurationPlatforms) = postSolution
		{DD972DF2-679B-4606-BF01-29584D8D0EEB}.Debug|Any CPU.ActiveCfg = Debug|Any CPU
		{DD972DF2-679B-4606-BF01-29584D8D0EEB}.Debug|Any CPU.Build.0 = Debug|Any CPU
		{DD972DF2-679B-4606-BF01-29584D8D0EEB}.Release|Any CPU.ActiveCfg = Release|Any CPU
		{DD972DF2-679B-4606-BF01-29584D8D0EEB}.Release|Any CPU.Build.0 = Release|Any CPU
		{A2E48CE0-D5A3-43FB-948E-55DDE038DC96}.Debug|Any CPU.ActiveCfg = Debug|Any CPU
		{A2E48CE0-D5A3-43FB-948E-55DDE038DC96}.Debug|Any CPU.Build.0 = Debug|Any CPU
		{A2E48CE0-D5A3-43FB-948E-55DDE038DC96}.Release|Any CPU.ActiveCfg = Release|Any CPU
		{A2E48CE0-D5A3-43FB-948E-55DDE038DC96}.Release|Any CPU.Build.0 = Release|Any CPU
		{87BD5EEC-5E38-453C-98AE-06CEC70DA467}.Debug|Any CPU.ActiveCfg = Debug|Any CPU
		{87BD5EEC-5E38-453C-98AE-06CEC70DA467}.Debug|Any CPU.Build.0 = Debug|Any CPU
		{87BD5EEC-5E38-453C-98AE-06CEC70DA467}.Release|Any CPU.ActiveCfg = Release|Any CPU
		{87BD5EEC-5E38-453C-98AE-06CEC70DA467}.Release|Any CPU.Build.0 = Release|Any CPU
		{60A9297B-C335-4536-8AE0-819C997CE085}.Debug|Any CPU.ActiveCfg = Debug|Any CPU
		{60A9297B-C335-4536-8AE0-819C997CE085}.Debug|Any CPU.Build.0 = Debug|Any CPU
		{60A9297B-C335-4536-8AE0-819C997CE085}.Release|Any CPU.ActiveCfg = Release|Any CPU
		{60A9297B-C335-4536-8AE0-819C997CE085}.Release|Any CPU.Build.0 = Release|Any CPU
		{6F021BFF-F074-41DD-9AB3-F49E20714B23}.Debug|Any CPU.ActiveCfg = Debug|Any CPU
		{6F021BFF-F074-41DD-9AB3-F49E20714B23}.Debug|Any CPU.Build.0 = Debug|Any CPU
		{6F021BFF-F074-41DD-9AB3-F49E20714B23}.Release|Any CPU.ActiveCfg = Release|Any CPU
		{6F021BFF-F074-41DD-9AB3-F49E20714B23}.Release|Any CPU.Build.0 = Release|Any CPU
	EndGlobalSection
	GlobalSection(NestedProjects) = preSolution
		{A2E48CE0-D5A3-43FB-948E-55DDE038DC96} = {2C059C75-CED9-4FBB-816D-6237B7F78318}
		{87BD5EEC-5E38-453C-98AE-06CEC70DA467} = {2C059C75-CED9-4FBB-816D-6237B7F78318}
		{60A9297B-C335-4536-8AE0-819C997CE085} = {3C8CF602-9602-459C-9430-2DA6B63F8D5F}
		{DD972DF2-679B-4606-BF01-29584D8D0EEB} = {F72DD402-3652-4F7B-80C7-E8B9FC11E839}
		{6F021BFF-F074-41DD-9AB3-F49E20714B23} = {49E24B62-2AF4-41F7-B8D1-BC88E9B224D3}
	EndGlobalSection
EndGlobal
